
Microsoft Visual Studio Solution File, Format Version 12.00
# Visual Studio Version 17
VisualStudioVersion = 17.14.36603.0
MinimumVisualStudioVersion = 10.0.40219.1
Project("{FAE04EC0-301F-11D3-BF4B-00C04F79EFBC}") = "FirstAppWithAspDotNet", "FirstAppWithAspDotNet\FirstAppWithAspDotNet.csproj", "{41459160-E650-46A4-86B0-ACD32EBBD931}"
EndProject
Project("{FAE04EC0-301F-11D3-BF4B-00C04F79EFBC}") = "MIddleWareSample", "MIddleWareSample\MIddleWareSample.csproj", "{4EE55AC8-EC0D-4E30-8457-E36366D56386}"
EndProject
Project("{FAE04EC0-301F-11D3-BF4B-00C04F79EFBC}") = "MiddleWareSampleFiles", "MiddleWareSampleFiles\MiddleWareSampleFiles.csproj", "{7D9D64DC-497B-453B-B90C-5DEDAF639F98}"
EndProject
Project("{FAE04EC0-301F-11D3-BF4B-00C04F79EFBC}") = "MiddleWareSampleMinimalAPI", "MiddleWareSampleMinimalAPI\MiddleWareSampleMinimalAPI.csproj", "{E579138C-BE95-475F-AA2F-0E2C71FD8ECC}"
EndProject
Project("{FAE04EC0-301F-11D3-BF4B-00C04F79EFBC}") = "MiddleWareSampleExceptions", "MiddleWareSampleExceptions\MiddleWareSampleExceptions.csproj", "{5C54638D-F08F-4440-B643-EC04A970A9BF}"
EndProject
Global
	GlobalSection(SolutionConfigurationPlatforms) = preSolution
		Debug|Any CPU = Debug|Any CPU
		Release|Any CPU = Release|Any CPU
	EndGlobalSection
	GlobalSection(ProjectConfigurationPlatforms) = postSolution
		{41459160-E650-46A4-86B0-ACD32EBBD931}.Debug|Any CPU.ActiveCfg = Debug|Any CPU
		{41459160-E650-46A4-86B0-ACD32EBBD931}.Debug|Any CPU.Build.0 = Debug|Any CPU
		{41459160-E650-46A4-86B0-ACD32EBBD931}.Release|Any CPU.ActiveCfg = Release|Any CPU
		{41459160-E650-46A4-86B0-ACD32EBBD931}.Release|Any CPU.Build.0 = Release|Any CPU
		{4EE55AC8-EC0D-4E30-8457-E36366D56386}.Debug|Any CPU.ActiveCfg = Debug|Any CPU
		{4EE55AC8-EC0D-4E30-8457-E36366D56386}.Debug|Any CPU.Build.0 = Debug|Any CPU
		{4EE55AC8-EC0D-4E30-8457-E36366D56386}.Release|Any CPU.ActiveCfg = Release|Any CPU
		{4EE55AC8-EC0D-4E30-8457-E36366D56386}.Release|Any CPU.Build.0 = Release|Any CPU
		{7D9D64DC-497B-453B-B90C-5DEDAF639F98}.Debug|Any CPU.ActiveCfg = Debug|Any CPU
		{7D9D64DC-497B-453B-B90C-5DEDAF639F98}.Debug|Any CPU.Build.0 = Debug|Any CPU
		{7D9D64DC-497B-453B-B90C-5DEDAF639F98}.Release|Any CPU.ActiveCfg = Release|Any CPU
		{7D9D64DC-497B-453B-B90C-5DEDAF639F98}.Release|Any CPU.Build.0 = Release|Any CPU
		{E579138C-BE95-475F-AA2F-0E2C71FD8ECC}.Debug|Any CPU.ActiveCfg = Debug|Any CPU
		{E579138C-BE95-475F-AA2F-0E2C71FD8ECC}.Debug|Any CPU.Build.0 = Debug|Any CPU
		{E579138C-BE95-475F-AA2F-0E2C71FD8ECC}.Release|Any CPU.ActiveCfg = Release|Any CPU
		{E579138C-BE95-475F-AA2F-0E2C71FD8ECC}.Release|Any CPU.Build.0 = Release|Any CPU
		{5C54638D-F08F-4440-B643-EC04A970A9BF}.Debug|Any CPU.ActiveCfg = Debug|Any CPU
		{5C54638D-F08F-4440-B643-EC04A970A9BF}.Debug|Any CPU.Build.0 = Debug|Any CPU
		{5C54638D-F08F-4440-B643-EC04A970A9BF}.Release|Any CPU.ActiveCfg = Release|Any CPU
		{5C54638D-F08F-4440-B643-EC04A970A9BF}.Release|Any CPU.Build.0 = Release|Any CPU
	EndGlobalSection
	GlobalSection(SolutionProperties) = preSolution
		HideSolutionNode = FALSE
	EndGlobalSection
	GlobalSection(ExtensibilityGlobals) = postSolution
		SolutionGuid = {05CDFD95-C5F6-4CB7-AA53-9F6680C43E79}
	EndGlobalSection
EndGlobal
